// !$*UTF8*$!
{
	archiveVersion = 1;
	classes = {
	};
	objectVersion = 50;
	objects = {

/* Begin PBXBuildFile section */
		654FBAE020FA2EF1002C4811 /* AppDelegate.swift in Sources */ = {isa = PBXBuildFile; fileRef = 654FBADF20FA2EF1002C4811 /* AppDelegate.swift */; };
		654FBAE220FA2EF1002C4811 /* ViewController.swift in Sources */ = {isa = PBXBuildFile; fileRef = 654FBAE120FA2EF1002C4811 /* ViewController.swift */; };
		654FBAE520FA2EF1002C4811 /* Main.storyboard in Resources */ = {isa = PBXBuildFile; fileRef = 654FBAE320FA2EF1002C4811 /* Main.storyboard */; };
		654FBAE720FA2EF3002C4811 /* Assets.xcassets in Resources */ = {isa = PBXBuildFile; fileRef = 654FBAE620FA2EF3002C4811 /* Assets.xcassets */; };
		654FBAEA20FA2EF3002C4811 /* LaunchScreen.storyboard in Resources */ = {isa = PBXBuildFile; fileRef = 654FBAE820FA2EF3002C4811 /* LaunchScreen.storyboard */; };
/* End PBXBuildFile section */

/* Begin PBXFileReference section */
		654FBADC20FA2EF1002C4811 /* McDonalds.app */ = {isa = PBXFileReference; explicitFileType = wrapper.application; includeInIndex = 0; path = McDonalds.app; sourceTree = BUILT_PRODUCTS_DIR; };
		654FBADF20FA2EF1002C4811 /* AppDelegate.swift */ = {isa = PBXFileReference; lastKnownFileType = sourcecode.swift; path = AppDelegate.swift; sourceTree = "<group>"; };
		654FBAE120FA2EF1002C4811 /* ViewController.swift */ = {isa = PBXFileReference; lastKnownFileType = sourcecode.swift; path = ViewController.swift; sourceTree = "<group>"; };
		654FBAE420FA2EF1002C4811 /* Base */ = {isa = PBXFileReference; lastKnownFileType = file.storyboard; name = Base; path = Base.lproj/Main.storyboard; sourceTree = "<group>"; };
		654FBAE620FA2EF3002C4811 /* Assets.xcassets */ = {isa = PBXFileReference; lastKnownFileType = folder.assetcatalog; path = Assets.xcassets; sourceTree = "<group>"; };
		654FBAE920FA2EF3002C4811 /* Base */ = {isa = PBXFileReference; lastKnownFileType = file.storyboard; name = Base; path = Base.lproj/LaunchScreen.storyboard; sourceTree = "<group>"; };
		654FBAEB20FA2EF3002C4811 /* Info.plist */ = {isa = PBXFileReference; lastKnownFileType = text.plist.xml; path = Info.plist; sourceTree = "<group>"; };
/* End PBXFileReference section */

/* Begin PBXFrameworksBuildPhase section */
		654FBAD920FA2EF1002C4811 /* Frameworks */ = {
			isa = PBXFrameworksBuildPhase;
			buildActionMask = 2147483647;
			files = (
			);
			runOnlyForDeploymentPostprocessing = 0;
		};
/* End PBXFrameworksBuildPhase section */

/* Begin PBXGroup section */
		654FBAD320FA2EF1002C4811 = {
			isa = PBXGroup;
			children = (
				654FBADE20FA2EF1002C4811 /* McDonalds */,
				654FBADD20FA2EF1002C4811 /* Products */,
			);
			sourceTree = "<group>";
		};
		654FBADD20FA2EF1002C4811 /* Products */ = {
			isa = PBXGroup;
			children = (
				654FBADC20FA2EF1002C4811 /* McDonalds.app */,
			);
			name = Products;
			sourceTree = "<group>";
		};
		654FBADE20FA2EF1002C4811 /* McDonalds */ = {
			isa = PBXGroup;
			children = (
				654FBADF20FA2EF1002C4811 /* AppDelegate.swift */,
				654FBAE120FA2EF1002C4811 /* ViewController.swift */,
				654FBAE320FA2EF1002C4811 /* Main.storyboard */,
				654FBAE620FA2EF3002C4811 /* Assets.xcassets */,
				654FBAE820FA2EF3002C4811 /* LaunchScreen.storyboard */,
				654FBAEB20FA2EF3002C4811 /* Info.plist */,
			);
			path = McDonalds;
			sourceTree = "<group>";
		};
/* End PBXGroup section */

/* Begin PBXNativeTarget section */
		654FBADB20FA2EF1002C4811 /* McDonalds */ = {
			isa = PBXNativeTarget;
			buildConfigurationList = 654FBAEE20FA2EF3002C4811 /* Build configuration list for PBXNativeTarget "McDonalds" */;
			buildPhases = (
				654FBAD820FA2EF1002C4811 /* Sources */,
				654FBAD920FA2EF1002C4811 /* Frameworks */,
				654FBADA20FA2EF1002C4811 /* Resources */,
			);
			buildRules = (
			);
			dependencies = (
			);
			name = McDonalds;
			productName = McDonalds;
			productReference = 654FBADC20FA2EF1002C4811 /* McDonalds.app */;
			productType = "com.apple.product-type.application";
		};
/* End PBXNativeTarget section */

/* Begin PBXProject section */
		654FBAD420FA2EF1002C4811 /* Project object */ = {
			isa = PBXProject;
			attributes = {
				LastSwiftUpdateCheck = 1000;
				LastUpgradeCheck = 1000;
				ORGANIZATIONNAME = Daniel;
				TargetAttributes = {
					654FBADB20FA2EF1002C4811 = {
						CreatedOnToolsVersion = 10.0;
					};
				};
			};
			buildConfigurationList = 654FBAD720FA2EF1002C4811 /* Build configuration list for PBXProject "McDonalds" */;
			compatibilityVersion = "Xcode 9.3";
			developmentRegion = en;
			hasScannedForEncodings = 0;
			knownRegions = (
				en,
				Base,
			);
			mainGroup = 654FBAD320FA2EF1002C4811;
			productRefGroup = 654FBADD20FA2EF1002C4811 /* Products */;
			projectDirPath = "";
			projectRoot = "";
			targets = (
				654FBADB20FA2EF1002C4811 /* McDonalds */,
			);
		};
/* End PBXProject section */

/* Begin PBXResourcesBuildPhase section */
		654FBADA20FA2EF1002C4811 /* Resources */ = {
			isa = PBXResourcesBuildPhase;
			buildActionMask = 2147483647;
			files = (
				654FBAEA20FA2EF3002C4811 /* LaunchScreen.storyboard in Resources */,
				654FBAE720FA2EF3002C4811 /* Assets.xcassets in Resources */,
				654FBAE520FA2EF1002C4811 /* Main.storyboard in Resources */,
			);
			runOnlyForDeploymentPostprocessing = 0;
		};
/* End PBXResourcesBuildPhase section */

/* Begin PBXSourcesBuildPhase section */
		654FBAD820FA2EF1002C4811 /* Sources */ = {
			isa = PBXSourcesBuildPhase;
			buildActionMask = 2147483647;
			files = (
				654FBAE220FA2EF1002C4811 /* ViewController.swift in Sources */,
				654FBAE020FA2EF1002C4811 /* AppDelegate.swift in Sources */,
			);
			runOnlyForDeploymentPostprocessing = 0;
		};
/* End PBXSourcesBuildPhase section */

/* Begin PBXVariantGroup section */
		654FBAE320FA2EF1002C4811 /* Main.storyboard */ = {
			isa = PBXVariantGroup;
			children = (
				654FBAE420FA2EF1002C4811 /* Base */,
			);
			name = Main.storyboard;
			sourceTree = "<group>";
		};
		654FBAE820FA2EF3002C4811 /* LaunchScreen.storyboard */ = {
			isa = PBXVariantGroup;
			children = (
				654FBAE920FA2EF3002C4811 /* Base */,
			);
			name = LaunchScreen.storyboard;
			sourceTree = "<group>";
		};
/* End PBXVariantGroup section */

/* Begin XCBuildConfiguration section */
		654FBAEC20FA2EF3002C4811 /* Debug */ = {
			isa = XCBuildConfiguration;
			buildSettings = {
				ALWAYS_SEARCH_USER_PATHS = NO;
				CLANG_ANALYZER_NONNULL = YES;
				CLANG_ANALYZER_NUMBER_OBJECT_CONVERSION = YES_AGGRESSIVE;
				CLANG_CXX_LANGUAGE_STANDARD = "gnu++14";
				CLANG_CXX_LIBRARY = "libc++";
				CLANG_ENABLE_MODULES = YES;
				CLANG_ENABLE_OBJC_ARC = YES;
				CLANG_ENABLE_OBJC_WEAK = YES;
				CLANG_WARN_BLOCK_CAPTURE_AUTORELEASING = YES;
				CLANG_WARN_BOOL_CONVERSION = YES;
				CLANG_WARN_COMMA = YES;
				CLANG_WARN_CONSTANT_CONVERSION = YES;
				CLANG_WARN_DEPRECATED_OBJC_IMPLEMENTATIONS = YES;
				CLANG_WARN_DIRECT_OBJC_ISA_USAGE = YES_ERROR;
				CLANG_WARN_DOCUMENTATION_COMMENTS = YES;
				CLANG_WARN_EMPTY_BODY = YES;
				CLANG_WARN_ENUM_CONVERSION = YES;
				CLANG_WARN_INFINITE_RECURSION = YES;
				CLANG_WARN_INT_CONVERSION = YES;
				CLANG_WARN_NON_LITERAL_NULL_CONVERSION = YES;
				CLANG_WARN_OBJC_IMPLICIT_RETAIN_SELF = YES;
				CLANG_WARN_OBJC_LITERAL_CONVERSION = YES;
				CLANG_WARN_OBJC_ROOT_CLASS = YES_ERROR;
				CLANG_WARN_RANGE_LOOP_ANALYSIS = YES;
				CLANG_WARN_STRICT_PROTOTYPES = YES;
				CLANG_WARN_SUSPICIOUS_MOVE = YES;
				CLANG_WARN_UNGUARDED_AVAILABILITY = YES_AGGRESSIVE;
				CLANG_WARN_UNREACHABLE_CODE = YES;
				CLANG_WARN__DUPLICATE_METHOD_MATCH = YES;
				CODE_SIGN_IDENTITY = "iPhone Developer";
				COPY_PHASE_STRIP = NO;
				DEBUG_INFORMATION_FORMAT = dwarf;
				ENABLE_STRICT_OBJC_MSGSEND = YES;
				ENABLE_TESTABILITY = YES;
				GCC_C_LANGUAGE_STANDARD = gnu11;
				GCC_DYNAMIC_NO_PIC = NO;
				GCC_NO_COMMON_BLOCKS = YES;
				GCC_OPTIMIZATION_LEVEL = 0;
				GCC_PREPROCESSOR_DEFINITIONS = (
					"DEBUG=1",
					"$(inherited)",
				);
				GCC_WARN_64_TO_32_BIT_CONVERSION = YES;
				GCC_WARN_ABOUT_RETURN_TYPE = YES_ERROR;
				GCC_WARN_UNDECLARED_SELECTOR = YES;
				GCC_WARN_UNINITIALIZED_AUTOS = YES_AGGRESSIVE;
				GCC_WARN_UNUSED_FUNCTION = YES;
				GCC_WARN_UNUSED_VARIABLE = YES;
				IPHONEOS_DEPLOYMENT_TARGET = 12.0;
				MTL_ENABLE_DEBUG_INFO = INCLUDE_SOURCE;
				MTL_FAST_MATH = YES;
				ONLY_ACTIVE_ARCH = YES;
				SDKROOT = iphoneos;
				SWIFT_ACTIVE_COMPILATION_CONDITIONS = DEBUG;
				SWIFT_OPTIMIZATION_LEVEL = "-Onone";
			};
			name = Debug;
		};
		654FBAED20FA2EF3002C4811 /* Release */ = {
			isa = XCBuildConfiguration;
			buildSettings = {
				ALWAYS_SEARCH_USER_PATHS = NO;
				CLANG_ANALYZER_NONNULL = YES;
				CLANG_ANALYZER_NUMBER_OBJECT_CONVERSION = YES_AGGRESSIVE;
				CLANG_CXX_LANGUAGE_STANDARD = "gnu++14";
				CLANG_CXX_LIBRARY = "libc++";
				CLANG_ENABLE_MODULES = YES;
				CLANG_ENABLE_OBJC_ARC = YES;
				CLANG_ENABLE_OBJC_WEAK = YES;
				CLANG_WARN_BLOCK_CAPTURE_AUTORELEASING = YES;
				CLANG_WARN_BOOL_CONVERSION = YES;
				CLANG_WARN_COMMA = YES;
				CLANG_WARN_CONSTANT_CONVERSION = YES;
				CLANG_WARN_DEPRECATED_OBJC_IMPLEMENTATIONS = YES;
				CLANG_WARN_DIRECT_OBJC_ISA_USAGE = YES_ERROR;
				CLANG_WARN_DOCUMENTATION_COMMENTS = YES;
				CLANG_WARN_EMPTY_BODY = YES;
				CLANG_WARN_ENUM_CONVERSION = YES;
				CLANG_WARN_INFINITE_RECURSION = YES;
				CLANG_WARN_INT_CONVERSION = YES;
				CLANG_WARN_NON_LITERAL_NULL_CONVERSION = YES;
				CLANG_WARN_OBJC_IMPLICIT_RETAIN_SELF = YES;
				CLANG_WARN_OBJC_LITERAL_CONVERSION = YES;
				CLANG_WARN_OBJC_ROOT_CLASS = YES_ERROR;
				CLANG_WARN_RANGE_LOOP_ANALYSIS = YES;
				CLANG_WARN_STRICT_PROTOTYPES = YES;
				CLANG_WARN_SUSPICIOUS_MOVE = YES;
				CLANG_WARN_UNGUARDED_AVAILABILITY = YES_AGGRESSIVE;
				CLANG_WARN_UNREACHABLE_CODE = YES;
				CLANG_WARN__DUPLICATE_METHOD_MATCH = YES;
				CODE_SIGN_IDENTITY = "iPhone Developer";
				COPY_PHASE_STRIP = NO;
				DEBUG_INFORMATION_FORMAT = "dwarf-with-dsym";
				ENABLE_NS_ASSERTIONS = NO;
				ENABLE_STRICT_OBJC_MSGSEND = YES;
				GCC_C_LANGUAGE_STANDARD = gnu11;
				GCC_NO_COMMON_BLOCKS = YES;
				GCC_WARN_64_TO_32_BIT_CONVERSION = YES;
				GCC_WARN_ABOUT_RETURN_TYPE = YES_ERROR;
				GCC_WARN_UNDECLARED_SELECTOR = YES;
				GCC_WARN_UNINITIALIZED_AUTOS = YES_AGGRESSIVE;
				GCC_WARN_UNUSED_FUNCTION = YES;
				GCC_WARN_UNUSED_VARIABLE = YES;
				IPHONEOS_DEPLOYMENT_TARGET = 12.0;
				MTL_ENABLE_DEBUG_INFO = NO;
				MTL_FAST_MATH = YES;
				SDKROOT = iphoneos;
				SWIFT_COMPILATION_MODE = wholemodule;
				SWIFT_OPTIMIZATION_LEVEL = "-O";
				VALIDATE_PRODUCT = YES;
			};
			name = Release;
		};
		654FBAEF20FA2EF3002C4811 /* Debug */ = {
			isa = XCBuildConfiguration;
			buildSettings = {
				ASSETCATALOG_COMPILER_APPICON_NAME = AppIcon;
				CODE_SIGN_STYLE = Automatic;
				DEVELOPMENT_TEAM = NP6C4V6TR6;
				INFOPLIST_FILE = McDonalds/Info.plist;
				LD_RUNPATH_SEARCH_PATHS = (
					"$(inherited)",
					"@executable_path/Frameworks",
				);
				PRODUCT_BUNDLE_IDENTIFIER = com.daniel.McDonalds;
				PRODUCT_NAME = "$(TARGET_NAME)";
				SWIFT_VERSION = 4.2;
				TARGETED_DEVICE_FAMILY = "1,2";
			};
			name = Debug;
		};
		654FBAF020FA2EF3002C4811 /* Release */ = {
			isa = XCBuildConfiguration;
			buildSettings = {
				ASSETCATALOG_COMPILER_APPICON_NAME = AppIcon;
				CODE_SIGN_STYLE = Automatic;
				DEVELOPMENT_TEAM = NP6C4V6TR6;
				INFOPLIST_FILE = McDonalds/Info.plist;
				LD_RUNPATH_SEARCH_PATHS = (
					"$(inherited)",
					"@executable_path/Frameworks",
				);
				PRODUCT_BUNDLE_IDENTIFIER = com.daniel.McDonalds;
				PRODUCT_NAME = "$(TARGET_NAME)";
				SWIFT_VERSION = 4.2;
				TARGETED_DEVICE_FAMILY = "1,2";
			};
			name = Release;
		};
/* End XCBuildConfiguration section */

/* Begin XCConfigurationList section */
		654FBAD720FA2EF1002C4811 /* Build configuration list for PBXProject "McDonalds" */ = {
			isa = XCConfigurationList;
			buildConfigurations = (
				654FBAEC20FA2EF3002C4811 /* Debug */,
				654FBAED20FA2EF3002C4811 /* Release */,
			);
			defaultConfigurationIsVisible = 0;
			defaultConfigurationName = Release;
		};
		654FBAEE20FA2EF3002C4811 /* Build configuration list for PBXNativeTarget "McDonalds" */ = {
			isa = XCConfigurationList;
			buildConfigurations = (
				654FBAEF20FA2EF3002C4811 /* Debug */,
				654FBAF020FA2EF3002C4811 /* Release */,
			);
			defaultConfigurationIsVisible = 0;
			defaultConfigurationName = Release;
		};
/* End XCConfigurationList section */
	};
	rootObject = 654FBAD420FA2EF1002C4811 /* Project object */;
}
